// !$*UTF8*$!
{
	archiveVersion = 1;
	classes = {
	};
	objectVersion = 46;
	objects = {

/* Begin PBXBuildFile section */
		C0A565101BE6AD2D00BFF8A2 /* AppDelegate.swift in Sources */ = {isa = PBXBuildFile; fileRef = C0A5650F1BE6AD2D00BFF8A2 /* AppDelegate.swift */; };
		C0A565121BE6AD2D00BFF8A2 /* ViewController.swift in Sources */ = {isa = PBXBuildFile; fileRef = C0A565111BE6AD2D00BFF8A2 /* ViewController.swift */; };
		C0A565151BE6AD2D00BFF8A2 /* Main.storyboard in Resources */ = {isa = PBXBuildFile; fileRef = C0A565131BE6AD2D00BFF8A2 /* Main.storyboard */; };
		C0A565171BE6AD2D00BFF8A2 /* Assets.xcassets in Resources */ = {isa = PBXBuildFile; fileRef = C0A565161BE6AD2D00BFF8A2 /* Assets.xcassets */; };
		C0A5651A1BE6AD2D00BFF8A2 /* LaunchScreen.storyboard in Resources */ = {isa = PBXBuildFile; fileRef = C0A565181BE6AD2D00BFF8A2 /* LaunchScreen.storyboard */; };
		C0A565251BE6AD2D00BFF8A2 /* mockgoogleTests.swift in Sources */ = {isa = PBXBuildFile; fileRef = C0A565241BE6AD2D00BFF8A2 /* mockgoogleTests.swift */; };
		C0A565301BE6AD2D00BFF8A2 /* mockgoogleUITests.swift in Sources */ = {isa = PBXBuildFile; fileRef = C0A5652F1BE6AD2D00BFF8A2 /* mockgoogleUITests.swift */; };
/* End PBXBuildFile section */

/* Begin PBXContainerItemProxy section */
		C0A565211BE6AD2D00BFF8A2 /* PBXContainerItemProxy */ = {
			isa = PBXContainerItemProxy;
			containerPortal = C0A565041BE6AD2D00BFF8A2 /* Project object */;
			proxyType = 1;
			remoteGlobalIDString = C0A5650B1BE6AD2D00BFF8A2;
			remoteInfo = mockgoogle;
		};
		C0A5652C1BE6AD2D00BFF8A2 /* PBXContainerItemProxy */ = {
			isa = PBXContainerItemProxy;
			containerPortal = C0A565041BE6AD2D00BFF8A2 /* Project object */;
			proxyType = 1;
			remoteGlobalIDString = C0A5650B1BE6AD2D00BFF8A2;
			remoteInfo = mockgoogle;
		};
/* End PBXContainerItemProxy section */

/* Begin PBXFileReference section */
		C0A5650C1BE6AD2D00BFF8A2 /* mockgoogle.app */ = {isa = PBXFileReference; explicitFileType = wrapper.application; includeInIndex = 0; path = mockgoogle.app; sourceTree = BUILT_PRODUCTS_DIR; };
		C0A5650F1BE6AD2D00BFF8A2 /* AppDelegate.swift */ = {isa = PBXFileReference; lastKnownFileType = sourcecode.swift; path = AppDelegate.swift; sourceTree = "<group>"; };
		C0A565111BE6AD2D00BFF8A2 /* ViewController.swift */ = {isa = PBXFileReference; lastKnownFileType = sourcecode.swift; path = ViewController.swift; sourceTree = "<group>"; };
		C0A565141BE6AD2D00BFF8A2 /* Base */ = {isa = PBXFileReference; lastKnownFileType = file.storyboard; name = Base; path = Base.lproj/Main.storyboard; sourceTree = "<group>"; };
		C0A565161BE6AD2D00BFF8A2 /* Assets.xcassets */ = {isa = PBXFileReference; lastKnownFileType = folder.assetcatalog; path = Assets.xcassets; sourceTree = "<group>"; };
		C0A565191BE6AD2D00BFF8A2 /* Base */ = {isa = PBXFileReference; lastKnownFileType = file.storyboard; name = Base; path = Base.lproj/LaunchScreen.storyboard; sourceTree = "<group>"; };
		C0A5651B1BE6AD2D00BFF8A2 /* Info.plist */ = {isa = PBXFileReference; lastKnownFileType = text.plist.xml; path = Info.plist; sourceTree = "<group>"; };
		C0A565201BE6AD2D00BFF8A2 /* mockgoogleTests.xctest */ = {isa = PBXFileReference; explicitFileType = wrapper.cfbundle; includeInIndex = 0; path = mockgoogleTests.xctest; sourceTree = BUILT_PRODUCTS_DIR; };
		C0A565241BE6AD2D00BFF8A2 /* mockgoogleTests.swift */ = {isa = PBXFileReference; lastKnownFileType = sourcecode.swift; path = mockgoogleTests.swift; sourceTree = "<group>"; };
		C0A565261BE6AD2D00BFF8A2 /* Info.plist */ = {isa = PBXFileReference; lastKnownFileType = text.plist.xml; path = Info.plist; sourceTree = "<group>"; };
		C0A5652B1BE6AD2D00BFF8A2 /* mockgoogleUITests.xctest */ = {isa = PBXFileReference; explicitFileType = wrapper.cfbundle; includeInIndex = 0; path = mockgoogleUITests.xctest; sourceTree = BUILT_PRODUCTS_DIR; };
		C0A5652F1BE6AD2D00BFF8A2 /* mockgoogleUITests.swift */ = {isa = PBXFileReference; lastKnownFileType = sourcecode.swift; path = mockgoogleUITests.swift; sourceTree = "<group>"; };
		C0A565311BE6AD2D00BFF8A2 /* Info.plist */ = {isa = PBXFileReference; lastKnownFileType = text.plist.xml; path = Info.plist; sourceTree = "<group>"; };
/* End PBXFileReference section */

/* Begin PBXFrameworksBuildPhase section */
		C0A565091BE6AD2D00BFF8A2 /* Frameworks */ = {
			isa = PBXFrameworksBuildPhase;
			buildActionMask = 2147483647;
			files = (
			);
			runOnlyForDeploymentPostprocessing = 0;
		};
		C0A5651D1BE6AD2D00BFF8A2 /* Frameworks */ = {
			isa = PBXFrameworksBuildPhase;
			buildActionMask = 2147483647;
			files = (
			);
			runOnlyForDeploymentPostprocessing = 0;
		};
		C0A565281BE6AD2D00BFF8A2 /* Frameworks */ = {
			isa = PBXFrameworksBuildPhase;
			buildActionMask = 2147483647;
			files = (
			);
			runOnlyForDeploymentPostprocessing = 0;
		};
/* End PBXFrameworksBuildPhase section */

/* Begin PBXGroup section */
		C0A565031BE6AD2D00BFF8A2 = {
			isa = PBXGroup;
			children = (
				C0A5650E1BE6AD2D00BFF8A2 /* mockgoogle */,
				C0A565231BE6AD2D00BFF8A2 /* mockgoogleTests */,
				C0A5652E1BE6AD2D00BFF8A2 /* mockgoogleUITests */,
				C0A5650D1BE6AD2D00BFF8A2 /* Products */,
			);
			sourceTree = "<group>";
		};
		C0A5650D1BE6AD2D00BFF8A2 /* Products */ = {
			isa = PBXGroup;
			children = (
				C0A5650C1BE6AD2D00BFF8A2 /* mockgoogle.app */,
				C0A565201BE6AD2D00BFF8A2 /* mockgoogleTests.xctest */,
				C0A5652B1BE6AD2D00BFF8A2 /* mockgoogleUITests.xctest */,
			);
			name = Products;
			sourceTree = "<group>";
		};
		C0A5650E1BE6AD2D00BFF8A2 /* mockgoogle */ = {
			isa = PBXGroup;
			children = (
				C0A5650F1BE6AD2D00BFF8A2 /* AppDelegate.swift */,
				C0A565111BE6AD2D00BFF8A2 /* ViewController.swift */,
				C0A565161BE6AD2D00BFF8A2 /* Assets.xcassets */,
				C0A565131BE6AD2D00BFF8A2 /* Main.storyboard */,
				C0A565181BE6AD2D00BFF8A2 /* LaunchScreen.storyboard */,
				C0A5651B1BE6AD2D00BFF8A2 /* Info.plist */,
			);
			path = mockgoogle;
			sourceTree = "<group>";
		};
		C0A565231BE6AD2D00BFF8A2 /* mockgoogleTests */ = {
			isa = PBXGroup;
			children = (
				C0A565241BE6AD2D00BFF8A2 /* mockgoogleTests.swift */,
				C0A565261BE6AD2D00BFF8A2 /* Info.plist */,
			);
			path = mockgoogleTests;
			sourceTree = "<group>";
		};
		C0A5652E1BE6AD2D00BFF8A2 /* mockgoogleUITests */ = {
			isa = PBXGroup;
			children = (
				C0A5652F1BE6AD2D00BFF8A2 /* mockgoogleUITests.swift */,
				C0A565311BE6AD2D00BFF8A2 /* Info.plist */,
			);
			path = mockgoogleUITests;
			sourceTree = "<group>";
		};
/* End PBXGroup section */

/* Begin PBXNativeTarget section */
		C0A5650B1BE6AD2D00BFF8A2 /* mockgoogle */ = {
			isa = PBXNativeTarget;
			buildConfigurationList = C0A565341BE6AD2D00BFF8A2 /* Build configuration list for PBXNativeTarget "mockgoogle" */;
			buildPhases = (
				C0A565081BE6AD2D00BFF8A2 /* Sources */,
				C0A565091BE6AD2D00BFF8A2 /* Frameworks */,
				C0A5650A1BE6AD2D00BFF8A2 /* Resources */,
			);
			buildRules = (
			);
			dependencies = (
			);
			name = mockgoogle;
			productName = mockgoogle;
			productReference = C0A5650C1BE6AD2D00BFF8A2 /* mockgoogle.app */;
			productType = "com.apple.product-type.application";
		};
		C0A5651F1BE6AD2D00BFF8A2 /* mockgoogleTests */ = {
			isa = PBXNativeTarget;
			buildConfigurationList = C0A565371BE6AD2D00BFF8A2 /* Build configuration list for PBXNativeTarget "mockgoogleTests" */;
			buildPhases = (
				C0A5651C1BE6AD2D00BFF8A2 /* Sources */,
				C0A5651D1BE6AD2D00BFF8A2 /* Frameworks */,
				C0A5651E1BE6AD2D00BFF8A2 /* Resources */,
			);
			buildRules = (
			);
			dependencies = (
				C0A565221BE6AD2D00BFF8A2 /* PBXTargetDependency */,
			);
			name = mockgoogleTests;
			productName = mockgoogleTests;
			productReference = C0A565201BE6AD2D00BFF8A2 /* mockgoogleTests.xctest */;
			productType = "com.apple.product-type.bundle.unit-test";
		};
		C0A5652A1BE6AD2D00BFF8A2 /* mockgoogleUITests */ = {
			isa = PBXNativeTarget;
			buildConfigurationList = C0A5653A1BE6AD2D00BFF8A2 /* Build configuration list for PBXNativeTarget "mockgoogleUITests" */;
			buildPhases = (
				C0A565271BE6AD2D00BFF8A2 /* Sources */,
				C0A565281BE6AD2D00BFF8A2 /* Frameworks */,
				C0A565291BE6AD2D00BFF8A2 /* Resources */,
			);
			buildRules = (
			);
			dependencies = (
				C0A5652D1BE6AD2D00BFF8A2 /* PBXTargetDependency */,
			);
			name = mockgoogleUITests;
			productName = mockgoogleUITests;
			productReference = C0A5652B1BE6AD2D00BFF8A2 /* mockgoogleUITests.xctest */;
			productType = "com.apple.product-type.bundle.ui-testing";
		};
/* End PBXNativeTarget section */

/* Begin PBXProject section */
		C0A565041BE6AD2D00BFF8A2 /* Project object */ = {
			isa = PBXProject;
			attributes = {
				LastSwiftUpdateCheck = 0710;
				LastUpgradeCheck = 0710;
				ORGANIZATIONNAME = "Mariannina Viggi";
				TargetAttributes = {
					C0A5650B1BE6AD2D00BFF8A2 = {
						CreatedOnToolsVersion = 7.1;
					};
					C0A5651F1BE6AD2D00BFF8A2 = {
						CreatedOnToolsVersion = 7.1;
						TestTargetID = C0A5650B1BE6AD2D00BFF8A2;
					};
					C0A5652A1BE6AD2D00BFF8A2 = {
						CreatedOnToolsVersion = 7.1;
						TestTargetID = C0A5650B1BE6AD2D00BFF8A2;
					};
				};
			};
			buildConfigurationList = C0A565071BE6AD2D00BFF8A2 /* Build configuration list for PBXProject "mockgoogle" */;
			compatibilityVersion = "Xcode 3.2";
			developmentRegion = English;
			hasScannedForEncodings = 0;
			knownRegions = (
				en,
				Base,
			);
			mainGroup = C0A565031BE6AD2D00BFF8A2;
			productRefGroup = C0A5650D1BE6AD2D00BFF8A2 /* Products */;
			projectDirPath = "";
			projectRoot = "";
			targets = (
				C0A5650B1BE6AD2D00BFF8A2 /* mockgoogle */,
				C0A5651F1BE6AD2D00BFF8A2 /* mockgoogleTests */,
				C0A5652A1BE6AD2D00BFF8A2 /* mockgoogleUITests */,
			);
		};
/* End PBXProject section */

/* Begin PBXResourcesBuildPhase section */
		C0A5650A1BE6AD2D00BFF8A2 /* Resources */ = {
			isa = PBXResourcesBuildPhase;
			buildActionMask = 2147483647;
			files = (
				C0A5651A1BE6AD2D00BFF8A2 /* LaunchScreen.storyboard in Resources */,
				C0A565171BE6AD2D00BFF8A2 /* Assets.xcassets in Resources */,
				C0A565151BE6AD2D00BFF8A2 /* Main.storyboard in Resources */,
			);
			runOnlyForDeploymentPostprocessing = 0;
		};
		C0A5651E1BE6AD2D00BFF8A2 /* Resources */ = {
			isa = PBXResourcesBuildPhase;
			buildActionMask = 2147483647;
			files = (
			);
			runOnlyForDeploymentPostprocessing = 0;
		};
		C0A565291BE6AD2D00BFF8A2 /* Resources */ = {
			isa = PBXResourcesBuildPhase;
			buildActionMask = 2147483647;
			files = (
			);
			runOnlyForDeploymentPostprocessing = 0;
		};
/* End PBXResourcesBuildPhase section */

/* Begin PBXSourcesBuildPhase section */
		C0A565081BE6AD2D00BFF8A2 /* Sources */ = {
			isa = PBXSourcesBuildPhase;
			buildActionMask = 2147483647;
			files = (
				C0A565121BE6AD2D00BFF8A2 /* ViewController.swift in Sources */,
				C0A565101BE6AD2D00BFF8A2 /* AppDelegate.swift in Sources */,
			);
			runOnlyForDeploymentPostprocessing = 0;
		};
		C0A5651C1BE6AD2D00BFF8A2 /* Sources */ = {
			isa = PBXSourcesBuildPhase;
			buildActionMask = 2147483647;
			files = (
				C0A565251BE6AD2D00BFF8A2 /* mockgoogleTests.swift in Sources */,
			);
			runOnlyForDeploymentPostprocessing = 0;
		};
		C0A565271BE6AD2D00BFF8A2 /* Sources */ = {
			isa = PBXSourcesBuildPhase;
			buildActionMask = 2147483647;
			files = (
				C0A565301BE6AD2D00BFF8A2 /* mockgoogleUITests.swift in Sources */,
			);
			runOnlyForDeploymentPostprocessing = 0;
		};
/* End PBXSourcesBuildPhase section */

/* Begin PBXTargetDependency section */
		C0A565221BE6AD2D00BFF8A2 /* PBXTargetDependency */ = {
			isa = PBXTargetDependency;
			target = C0A5650B1BE6AD2D00BFF8A2 /* mockgoogle */;
			targetProxy = C0A565211BE6AD2D00BFF8A2 /* PBXContainerItemProxy */;
		};
		C0A5652D1BE6AD2D00BFF8A2 /* PBXTargetDependency */ = {
			isa = PBXTargetDependency;
			target = C0A5650B1BE6AD2D00BFF8A2 /* mockgoogle */;
			targetProxy = C0A5652C1BE6AD2D00BFF8A2 /* PBXContainerItemProxy */;
		};
/* End PBXTargetDependency section */

/* Begin PBXVariantGroup section */
		C0A565131BE6AD2D00BFF8A2 /* Main.storyboard */ = {
			isa = PBXVariantGroup;
			children = (
				C0A565141BE6AD2D00BFF8A2 /* Base */,
			);
			name = Main.storyboard;
			sourceTree = "<group>";
		};
		C0A565181BE6AD2D00BFF8A2 /* LaunchScreen.storyboard */ = {
			isa = PBXVariantGroup;
			children = (
				C0A565191BE6AD2D00BFF8A2 /* Base */,
			);
			name = LaunchScreen.storyboard;
			sourceTree = "<group>";
		};
/* End PBXVariantGroup section */

/* Begin XCBuildConfiguration section */
		C0A565321BE6AD2D00BFF8A2 /* Debug */ = {
			isa = XCBuildConfiguration;
			buildSettings = {
				ALWAYS_SEARCH_USER_PATHS = NO;
				CLANG_CXX_LANGUAGE_STANDARD = "gnu++0x";
				CLANG_CXX_LIBRARY = "libc++";
				CLANG_ENABLE_MODULES = YES;
				CLANG_ENABLE_OBJC_ARC = YES;
				CLANG_WARN_BOOL_CONVERSION = YES;
				CLANG_WARN_CONSTANT_CONVERSION = YES;
				CLANG_WARN_DIRECT_OBJC_ISA_USAGE = YES_ERROR;
				CLANG_WARN_EMPTY_BODY = YES;
				CLANG_WARN_ENUM_CONVERSION = YES;
				CLANG_WARN_INT_CONVERSION = YES;
				CLANG_WARN_OBJC_ROOT_CLASS = YES_ERROR;
				CLANG_WARN_UNREACHABLE_CODE = YES;
				CLANG_WARN__DUPLICATE_METHOD_MATCH = YES;
				"CODE_SIGN_IDENTITY[sdk=iphoneos*]" = "iPhone Developer";
				COPY_PHASE_STRIP = NO;
				DEBUG_INFORMATION_FORMAT = dwarf;
				ENABLE_STRICT_OBJC_MSGSEND = YES;
				ENABLE_TESTABILITY = YES;
				GCC_C_LANGUAGE_STANDARD = gnu99;
				GCC_DYNAMIC_NO_PIC = NO;
				GCC_NO_COMMON_BLOCKS = YES;
				GCC_OPTIMIZATION_LEVEL = 0;
				GCC_PREPROCESSOR_DEFINITIONS = (
					"DEBUG=1",
					"$(inherited)",
				);
				GCC_WARN_64_TO_32_BIT_CONVERSION = YES;
				GCC_WARN_ABOUT_RETURN_TYPE = YES_ERROR;
				GCC_WARN_UNDECLARED_SELECTOR = YES;
				GCC_WARN_UNINITIALIZED_AUTOS = YES_AGGRESSIVE;
				GCC_WARN_UNUSED_FUNCTION = YES;
				GCC_WARN_UNUSED_VARIABLE = YES;
				IPHONEOS_DEPLOYMENT_TARGET = 9.1;
				MTL_ENABLE_DEBUG_INFO = YES;
				ONLY_ACTIVE_ARCH = YES;
				SDKROOT = iphoneos;
				SWIFT_OPTIMIZATION_LEVEL = "-Onone";
			};
			name = Debug;
		};
		C0A565331BE6AD2D00BFF8A2 /* Release */ = {
			isa = XCBuildConfiguration;
			buildSettings = {
				ALWAYS_SEARCH_USER_PATHS = NO;
				CLANG_CXX_LANGUAGE_STANDARD = "gnu++0x";
				CLANG_CXX_LIBRARY = "libc++";
				CLANG_ENABLE_MODULES = YES;
				CLANG_ENABLE_OBJC_ARC = YES;
				CLANG_WARN_BOOL_CONVERSION = YES;
				CLANG_WARN_CONSTANT_CONVERSION = YES;
				CLANG_WARN_DIRECT_OBJC_ISA_USAGE = YES_ERROR;
				CLANG_WARN_EMPTY_BODY = YES;
				CLANG_WARN_ENUM_CONVERSION = YES;
				CLANG_WARN_INT_CONVERSION = YES;
				CLANG_WARN_OBJC_ROOT_CLASS = YES_ERROR;
				CLANG_WARN_UNREACHABLE_CODE = YES;
				CLANG_WARN__DUPLICATE_METHOD_MATCH = YES;
				"CODE_SIGN_IDENTITY[sdk=iphoneos*]" = "iPhone Developer";
				COPY_PHASE_STRIP = NO;
				DEBUG_INFORMATION_FORMAT = "dwarf-with-dsym";
				ENABLE_NS_ASSERTIONS = NO;
				ENABLE_STRICT_OBJC_MSGSEND = YES;
				GCC_C_LANGUAGE_STANDARD = gnu99;
				GCC_NO_COMMON_BLOCKS = YES;
				GCC_WARN_64_TO_32_BIT_CONVERSION = YES;
				GCC_WARN_ABOUT_RETURN_TYPE = YES_ERROR;
				GCC_WARN_UNDECLARED_SELECTOR = YES;
				GCC_WARN_UNINITIALIZED_AUTOS = YES_AGGRESSIVE;
				GCC_WARN_UNUSED_FUNCTION = YES;
				GCC_WARN_UNUSED_VARIABLE = YES;
				IPHONEOS_DEPLOYMENT_TARGET = 9.1;
				MTL_ENABLE_DEBUG_INFO = NO;
				SDKROOT = iphoneos;
				VALIDATE_PRODUCT = YES;
			};
			name = Release;
		};
		C0A565351BE6AD2D00BFF8A2 /* Debug */ = {
			isa = XCBuildConfiguration;
			buildSettings = {
				ASSETCATALOG_COMPILER_APPICON_NAME = AppIcon;
				INFOPLIST_FILE = mockgoogle/Info.plist;
				LD_RUNPATH_SEARCH_PATHS = "$(inherited) @executable_path/Frameworks";
				PRODUCT_BUNDLE_IDENTIFIER = com.ninaviggi.tipz.mockgoogle;
				PRODUCT_NAME = "$(TARGET_NAME)";
			};
			name = Debug;
		};
		C0A565361BE6AD2D00BFF8A2 /* Release */ = {
			isa = XCBuildConfiguration;
			buildSettings = {
				ASSETCATALOG_COMPILER_APPICON_NAME = AppIcon;
				INFOPLIST_FILE = mockgoogle/Info.plist;
				LD_RUNPATH_SEARCH_PATHS = "$(inherited) @executable_path/Frameworks";
				PRODUCT_BUNDLE_IDENTIFIER = com.ninaviggi.tipz.mockgoogle;
				PRODUCT_NAME = "$(TARGET_NAME)";
			};
			name = Release;
		};
		C0A565381BE6AD2D00BFF8A2 /* Debug */ = {
			isa = XCBuildConfiguration;
			buildSettings = {
				BUNDLE_LOADER = "$(TEST_HOST)";
				INFOPLIST_FILE = mockgoogleTests/Info.plist;
				LD_RUNPATH_SEARCH_PATHS = "$(inherited) @executable_path/Frameworks @loader_path/Frameworks";
				PRODUCT_BUNDLE_IDENTIFIER = com.ninaviggi.tipz.mockgoogleTests;
				PRODUCT_NAME = "$(TARGET_NAME)";
				TEST_HOST = "$(BUILT_PRODUCTS_DIR)/mockgoogle.app/mockgoogle";
			};
			name = Debug;
		};
		C0A565391BE6AD2D00BFF8A2 /* Release */ = {
			isa = XCBuildConfiguration;
			buildSettings = {
				BUNDLE_LOADER = "$(TEST_HOST)";
				INFOPLIST_FILE = mockgoogleTests/Info.plist;
				LD_RUNPATH_SEARCH_PATHS = "$(inherited) @executable_path/Frameworks @loader_path/Frameworks";
				PRODUCT_BUNDLE_IDENTIFIER = com.ninaviggi.tipz.mockgoogleTests;
				PRODUCT_NAME = "$(TARGET_NAME)";
				TEST_HOST = "$(BUILT_PRODUCTS_DIR)/mockgoogle.app/mockgoogle";
			};
			name = Release;
		};
		C0A5653B1BE6AD2D00BFF8A2 /* Debug */ = {
			isa = XCBuildConfiguration;
			buildSettings = {
				INFOPLIST_FILE = mockgoogleUITests/Info.plist;
				LD_RUNPATH_SEARCH_PATHS = "$(inherited) @executable_path/Frameworks @loader_path/Frameworks";
				PRODUCT_BUNDLE_IDENTIFIER = com.ninaviggi.tipz.mockgoogleUITests;
				PRODUCT_NAME = "$(TARGET_NAME)";
				TEST_TARGET_NAME = mockgoogle;
				USES_XCTRUNNER = YES;
			};
			name = Debug;
		};
		C0A5653C1BE6AD2D00BFF8A2 /* Release */ = {
			isa = XCBuildConfiguration;
			buildSettings = {
				INFOPLIST_FILE = mockgoogleUITests/Info.plist;
				LD_RUNPATH_SEARCH_PATHS = "$(inherited) @executable_path/Frameworks @loader_path/Frameworks";
				PRODUCT_BUNDLE_IDENTIFIER = com.ninaviggi.tipz.mockgoogleUITests;
				PRODUCT_NAME = "$(TARGET_NAME)";
				TEST_TARGET_NAME = mockgoogle;
				USES_XCTRUNNER = YES;
			};
			name = Release;
		};
/* End XCBuildConfiguration section */

/* Begin XCConfigurationList section */
		C0A565071BE6AD2D00BFF8A2 /* Build configuration list for PBXProject "mockgoogle" */ = {
			isa = XCConfigurationList;
			buildConfigurations = (
				C0A565321BE6AD2D00BFF8A2 /* Debug */,
				C0A565331BE6AD2D00BFF8A2 /* Release */,
			);
			defaultConfigurationIsVisible = 0;
			defaultConfigurationName = Release;
		};
		C0A565341BE6AD2D00BFF8A2 /* Build configuration list for PBXNativeTarget "mockgoogle" */ = {
			isa = XCConfigurationList;
			buildConfigurations = (
				C0A565351BE6AD2D00BFF8A2 /* Debug */,
				C0A565361BE6AD2D00BFF8A2 /* Release */,
			);
			defaultConfigurationIsVisible = 0;
		};
		C0A565371BE6AD2D00BFF8A2 /* Build configuration list for PBXNativeTarget "mockgoogleTests" */ = {
			isa = XCConfigurationList;
			buildConfigurations = (
				C0A565381BE6AD2D00BFF8A2 /* Debug */,
				C0A565391BE6AD2D00BFF8A2 /* Release */,
			);
			defaultConfigurationIsVisible = 0;
		};
		C0A5653A1BE6AD2D00BFF8A2 /* Build configuration list for PBXNativeTarget "mockgoogleUITests" */ = {
			isa = XCConfigurationList;
			buildConfigurations = (
				C0A5653B1BE6AD2D00BFF8A2 /* Debug */,
				C0A5653C1BE6AD2D00BFF8A2 /* Release */,
			);
			defaultConfigurationIsVisible = 0;
		};
/* End XCConfigurationList section */
	};
	rootObject = C0A565041BE6AD2D00BFF8A2 /* Project object */;
}
